
Microsoft Visual Studio Solution File, Format Version 12.00
# Visual Studio Version 16
VisualStudioVersion = 16.0.28606.126
MinimumVisualStudioVersion = 10.0.40219.1
Project("{9A19103F-16F7-4668-BE54-9A1E7A4F7556}") = "DemoEF.Data", "DemoEF.Data\DemoEF.Data.csproj", "{91F154B9-E376-466F-B651-B8ED97B15E36}"
EndProject
Project("{9A19103F-16F7-4668-BE54-9A1E7A4F7556}") = "DemoEF.Core", "DemoEF.Core\DemoEF.Core.csproj", "{AC7640CD-4EA8-40AF-8342-EF11B2818AD6}"
EndProject
Project("{9A19103F-16F7-4668-BE54-9A1E7A4F7556}") = "DemoEF.Server", "DemoEF.Server\DemoEF.Server.csproj", "{B8DD119A-8946-450D-88CC-52D704E44B2E}"
EndProject
Global
	GlobalSection(SolutionConfigurationPlatforms) = preSolution
		Debug|Any CPU = Debug|Any CPU
		Release|Any CPU = Release|Any CPU
	EndGlobalSection
	GlobalSection(ProjectConfigurationPlatforms) = postSolution
		{91F154B9-E376-466F-B651-B8ED97B15E36}.Debug|Any CPU.ActiveCfg = Debug|Any CPU
		{91F154B9-E376-466F-B651-B8ED97B15E36}.Debug|Any CPU.Build.0 = Debug|Any CPU
		{91F154B9-E376-466F-B651-B8ED97B15E36}.Release|Any CPU.ActiveCfg = Release|Any CPU
		{91F154B9-E376-466F-B651-B8ED97B15E36}.Release|Any CPU.Build.0 = Release|Any CPU
		{AC7640CD-4EA8-40AF-8342-EF11B2818AD6}.Debug|Any CPU.ActiveCfg = Debug|Any CPU
		{AC7640CD-4EA8-40AF-8342-EF11B2818AD6}.Debug|Any CPU.Build.0 = Debug|Any CPU
		{AC7640CD-4EA8-40AF-8342-EF11B2818AD6}.Release|Any CPU.ActiveCfg = Release|Any CPU
		{AC7640CD-4EA8-40AF-8342-EF11B2818AD6}.Release|Any CPU.Build.0 = Release|Any CPU
		{B8DD119A-8946-450D-88CC-52D704E44B2E}.Debug|Any CPU.ActiveCfg = Debug|Any CPU
		{B8DD119A-8946-450D-88CC-52D704E44B2E}.Debug|Any CPU.Build.0 = Debug|Any CPU
		{B8DD119A-8946-450D-88CC-52D704E44B2E}.Release|Any CPU.ActiveCfg = Release|Any CPU
		{B8DD119A-8946-450D-88CC-52D704E44B2E}.Release|Any CPU.Build.0 = Release|Any CPU
	EndGlobalSection
	GlobalSection(SolutionProperties) = preSolution
		HideSolutionNode = FALSE
	EndGlobalSection
	GlobalSection(ExtensibilityGlobals) = postSolution
		SolutionGuid = {A5CF01EA-F614-443A-93C9-D10E96B33E3D}
	EndGlobalSection
EndGlobal
